
Microsoft Visual Studio Solution File, Format Version 12.00
# Visual Studio Version 16
VisualStudioVersion = 16.0.29306.81
MinimumVisualStudioVersion = 10.0.40219.1
Project("{9A19103F-16F7-4668-BE54-9A1E7A4F7556}") = "SafeVille.Core", "SafeVille.Core\SafeVille.Core.csproj", "{00EFF1C9-F217-47E5-8F4B-CD2A9BACC1B5}"
EndProject
Project("{9A19103F-16F7-4668-BE54-9A1E7A4F7556}") = "SafeVille.Tests", "SafeVille.Tests\SafeVille.Tests.csproj", "{70ED4014-5CBD-46AB-868E-33430796BFA3}"
EndProject
Project("{9A19103F-16F7-4668-BE54-9A1E7A4F7556}") = "SafeVille.Dtos", "SafeVille.Dtos\SafeVille.Dtos.csproj", "{73AC425D-8CDB-4CBB-B548-F51705C123C0}"
EndProject
Project("{9A19103F-16F7-4668-BE54-9A1E7A4F7556}") = "SafeVille.Entities", "SafeVille.Entities\SafeVille.Entities.csproj", "{900B3D51-54E7-4F0C-BE20-21CD1F9839EF}"
EndProject
Project("{9A19103F-16F7-4668-BE54-9A1E7A4F7556}") = "SafeVille.Data", "SafeVille.Data\SafeVille.Data.csproj", "{6A54DD7C-FE52-4D16-86DB-F4F2BA165E1E}"
EndProject
Project("{9A19103F-16F7-4668-BE54-9A1E7A4F7556}") = "SafeVille.Api", "SafeVille.Api\SafeVille.Api.csproj", "{7A4C82B6-0FE9-42EB-BDAE-9B55CE9914ED}"
EndProject
Global
	GlobalSection(SolutionConfigurationPlatforms) = preSolution
		Debug|Any CPU = Debug|Any CPU
		Release|Any CPU = Release|Any CPU
	EndGlobalSection
	GlobalSection(ProjectConfigurationPlatforms) = postSolution
		{00EFF1C9-F217-47E5-8F4B-CD2A9BACC1B5}.Debug|Any CPU.ActiveCfg = Debug|Any CPU
		{00EFF1C9-F217-47E5-8F4B-CD2A9BACC1B5}.Debug|Any CPU.Build.0 = Debug|Any CPU
		{00EFF1C9-F217-47E5-8F4B-CD2A9BACC1B5}.Release|Any CPU.ActiveCfg = Release|Any CPU
		{00EFF1C9-F217-47E5-8F4B-CD2A9BACC1B5}.Release|Any CPU.Build.0 = Release|Any CPU
		{70ED4014-5CBD-46AB-868E-33430796BFA3}.Debug|Any CPU.ActiveCfg = Debug|Any CPU
		{70ED4014-5CBD-46AB-868E-33430796BFA3}.Debug|Any CPU.Build.0 = Debug|Any CPU
		{70ED4014-5CBD-46AB-868E-33430796BFA3}.Release|Any CPU.ActiveCfg = Release|Any CPU
		{70ED4014-5CBD-46AB-868E-33430796BFA3}.Release|Any CPU.Build.0 = Release|Any CPU
		{73AC425D-8CDB-4CBB-B548-F51705C123C0}.Debug|Any CPU.ActiveCfg = Debug|Any CPU
		{73AC425D-8CDB-4CBB-B548-F51705C123C0}.Debug|Any CPU.Build.0 = Debug|Any CPU
		{73AC425D-8CDB-4CBB-B548-F51705C123C0}.Release|Any CPU.ActiveCfg = Release|Any CPU
		{73AC425D-8CDB-4CBB-B548-F51705C123C0}.Release|Any CPU.Build.0 = Release|Any CPU
		{900B3D51-54E7-4F0C-BE20-21CD1F9839EF}.Debug|Any CPU.ActiveCfg = Debug|Any CPU
		{900B3D51-54E7-4F0C-BE20-21CD1F9839EF}.Debug|Any CPU.Build.0 = Debug|Any CPU
		{900B3D51-54E7-4F0C-BE20-21CD1F9839EF}.Release|Any CPU.ActiveCfg = Release|Any CPU
		{900B3D51-54E7-4F0C-BE20-21CD1F9839EF}.Release|Any CPU.Build.0 = Release|Any CPU
		{6A54DD7C-FE52-4D16-86DB-F4F2BA165E1E}.Debug|Any CPU.ActiveCfg = Debug|Any CPU
		{6A54DD7C-FE52-4D16-86DB-F4F2BA165E1E}.Debug|Any CPU.Build.0 = Debug|Any CPU
		{6A54DD7C-FE52-4D16-86DB-F4F2BA165E1E}.Release|Any CPU.ActiveCfg = Release|Any CPU
		{6A54DD7C-FE52-4D16-86DB-F4F2BA165E1E}.Release|Any CPU.Build.0 = Release|Any CPU
		{7A4C82B6-0FE9-42EB-BDAE-9B55CE9914ED}.Debug|Any CPU.ActiveCfg = Debug|Any CPU
		{7A4C82B6-0FE9-42EB-BDAE-9B55CE9914ED}.Debug|Any CPU.Build.0 = Debug|Any CPU
		{7A4C82B6-0FE9-42EB-BDAE-9B55CE9914ED}.Release|Any CPU.ActiveCfg = Release|Any CPU
		{7A4C82B6-0FE9-42EB-BDAE-9B55CE9914ED}.Release|Any CPU.Build.0 = Release|Any CPU
	EndGlobalSection
	GlobalSection(SolutionProperties) = preSolution
		HideSolutionNode = FALSE
	EndGlobalSection
	GlobalSection(ExtensibilityGlobals) = postSolution
		SolutionGuid = {1BD55B47-C74E-4B0E-8850-FE229B4CE82E}
	EndGlobalSection
EndGlobal
